<Solution>
  <Folder Name="/docs/">
    <File Path="docs/spec.md" />
    <File Path="docs/state-diagram.mmd" />
  </Folder>
  <Folder Name="/src/">
    <Project Path="src/PerfectWorldAgent.App/PerfectWorldAgent.App.csproj" />
    <Project Path="src/PerfectWorldAgent.Core/PerfectWorldAgent.Core.csproj" />
    <Project Path="src/PerfectWorldAgent.Native/PerfectWorldAgent.Native.csproj" />
  </Folder>
  <Folder Name="/tools/">
    <Project Path="tools/VisionSampleRunner/VisionSampleRunner.csproj" />
  </Folder>
</Solution>
