<Solution>
  <Folder Name="/build/">
    <File Path="build/portable.proj" />
  </Folder>
  <Folder Name="/docs/">
    <File Path="docs/spec.md" />
  </Folder>
  <Folder Name="/src/">
    <Project Path="src/SmartMacro.App/SmartMacro.App.csproj" />
    <Project Path="src/SmartMacro.Contracts/SmartMacro.Contracts.csproj" />
    <Project Path="src/SmartMacro.Core/SmartMacro.Core.csproj" />
    <Project Path="src/SmartMacro.Daemon/SmartMacro.Daemon.csproj" />
    <Project Path="src/SmartMacro.Native/SmartMacro.Native.csproj" />
    <Project Path="src/SmartMacro.Shared/SmartMacro.Shared.csproj" />
  </Folder>
  <Folder Name="/tests/">
    <Project Path="tests/SmartMacro.Tests/SmartMacro.Tests.csproj" />
  </Folder>
  <Folder Name="/tools/">
    <Project Path="tools/VisionSampleRunner/VisionSampleRunner.csproj" />
  </Folder>
</Solution>
